
Microsoft Visual Studio Solution File, Format Version 11.00
# Visual Studio 2010
Project("{FAE04EC0-301F-11D3-BF4B-00C04F79EFBC}") = "Assembly-CSharp", "Assembly-CSharp.csproj", "{CD6EB0B9-F046-4950-BD6C-21DB396D131F}"
EndProject
Global
	GlobalSection(SolutionConfigurationPlatforms) = preSolution
		Debug|Any CPU = Debug|Any CPU
		Release|Any CPU = Release|Any CPU
	EndGlobalSection
	GlobalSection(ProjectConfigurationPlatforms) = postSolution
		{CD6EB0B9-F046-4950-BD6C-21DB396D131F}.Debug|Any CPU.ActiveCfg = Debug|Any CPU
		{CD6EB0B9-F046-4950-BD6C-21DB396D131F}.Debug|Any CPU.Build.0 = Debug|Any CPU
		{CD6EB0B9-F046-4950-BD6C-21DB396D131F}.Release|Any CPU.ActiveCfg = Release|Any CPU
		{CD6EB0B9-F046-4950-BD6C-21DB396D131F}.Release|Any CPU.Build.0 = Release|Any CPU
	EndGlobalSection
	GlobalSection(SolutionProperties) = preSolution
		HideSolutionNode = FALSE
	EndGlobalSection
	GlobalSection(MonoDevelopProperties) = preSolution
		StartupItem = Assembly-CSharp.csproj
	EndGlobalSection
EndGlobal
